
Microsoft Visual Studio Solution File, Format Version 12.00
# Visual Studio Version 16
VisualStudioVersion = 16.0.31205.134
MinimumVisualStudioVersion = 10.0.40219.1
Project("{8BC9CEB8-8B4A-11D0-8D11-00A0C91BC942}") = "Yolo_GPU", "Yolo_GPU.vcxproj", "{2FB319D5-8F02-46B8-9BF5-D7F5ED7259D1}"
EndProject
Global
	GlobalSection(SolutionConfigurationPlatforms) = preSolution
		Debug|x64 = Debug|x64
		Debug|x86 = Debug|x86
		Release|x64 = Release|x64
		Release|x86 = Release|x86
	EndGlobalSection
	GlobalSection(ProjectConfigurationPlatforms) = postSolution
		{2FB319D5-8F02-46B8-9BF5-D7F5ED7259D1}.Debug|x64.ActiveCfg = Debug|x64
		{2FB319D5-8F02-46B8-9BF5-D7F5ED7259D1}.Debug|x64.Build.0 = Debug|x64
		{2FB319D5-8F02-46B8-9BF5-D7F5ED7259D1}.Debug|x86.ActiveCfg = Debug|Win32
		{2FB319D5-8F02-46B8-9BF5-D7F5ED7259D1}.Debug|x86.Build.0 = Debug|Win32
		{2FB319D5-8F02-46B8-9BF5-D7F5ED7259D1}.Release|x64.ActiveCfg = Release|x64
		{2FB319D5-8F02-46B8-9BF5-D7F5ED7259D1}.Release|x64.Build.0 = Release|x64
		{2FB319D5-8F02-46B8-9BF5-D7F5ED7259D1}.Release|x86.ActiveCfg = Release|Win32
		{2FB319D5-8F02-46B8-9BF5-D7F5ED7259D1}.Release|x86.Build.0 = Release|Win32
	EndGlobalSection
	GlobalSection(SolutionProperties) = preSolution
		HideSolutionNode = FALSE
	EndGlobalSection
	GlobalSection(ExtensibilityGlobals) = postSolution
		SolutionGuid = {3E9B830A-B559-4894-819F-05F7467E7857}
	EndGlobalSection
EndGlobal
